<?xml version="1.0" encoding="UTF-8"?>
<CONFIG>
  <ProjectOptions>
    <Version Value="12"/>
    <General>
      <Flags>
        <CompatibilityMode Value="True"/>
      </Flags>
      <SessionStorage Value="InProjectDir"/>
      <Title Value="GDEmu Creator"/>
      <Scaled Value="True"/>
      <ResourceType Value="res"/>
      <UseXPManifest Value="True"/>
      <XPManifest>
        <DpiAware Value="True"/>
      </XPManifest>
      <Icon Value="0"/>
    </General>
    <i18n>
      <EnableI18N Value="True"/>
      <OutDir Value="../languages"/>
    </i18n>
    <VersionInfo>
      <UseVersionInfo Value="True"/>
      <AutoIncrementBuild Value="True"/>
      <RevisionNr Value="1"/>
      <BuildNr Value="16"/>
      <StringTable CompanyName="OpenSource" FileDescription="Executable" InternalName="gdemugui" LegalCopyright="MIT Licence" OriginalFilename="gdemugui"/>
    </VersionInfo>
    <MacroValues Count="2">
      <Macro1 Name="LCLWidgetType" Value="qt5"/>
    </MacroValues>
    <BuildModes Count="4">
      <Item1 Name="Debug QT5" Default="True"/>
      <Item2 Name="Release QT5">
        <MacroValues Count="2">
          <Macro1 Name="LCLWidgetType" Value="qt5"/>
        </MacroValues>
        <CompilerOptions>
          <Version Value="11"/>
          <Target>
            <Filename Value="../gdemugui.qt5.bin"/>
          </Target>
          <SearchPaths>
            <IncludeFiles Value="$(ProjOutDir)"/>
            <UnitOutputDirectory Value="lib/$(TargetCPU)-$(TargetOS)"/>
          </SearchPaths>
          <CodeGeneration>
            <Optimizations>
              <OptimizationLevel Value="4"/>
            </Optimizations>
          </CodeGeneration>
          <Linking>
            <Options>
              <LinkerOptions Value="--pointer-arithmetic"/>
              <Win32>
                <GraphicApplication Value="True"/>
              </Win32>
            </Options>
          </Linking>
          <Other>
            <Verbosity>
              <ShowAll Value="True"/>
              <ShowDebugInfo Value="True"/>
            </Verbosity>
            <CustomOptions Value="-dUseCThreads"/>
            <OtherDefines Count="1">
              <Define0 Value="UseCThreads"/>
            </OtherDefines>
          </Other>
        </CompilerOptions>
      </Item2>
      <Item3 Name="Debug GTK">
        <MacroValues Count="2">
          <Macro2 Name="LCLWidgetType" Value="gtk2"/>
        </MacroValues>
        <CompilerOptions>
          <Version Value="11"/>
          <Target>
            <Filename Value="../gdemugui.gtk2.debug"/>
          </Target>
          <SearchPaths>
            <IncludeFiles Value="$(ProjOutDir)"/>
            <UnitOutputDirectory Value="lib/$(TargetCPU)-$(TargetOS)"/>
          </SearchPaths>
          <Linking>
            <Debugging>
              <DebugInfoType Value="dsDwarf3"/>
            </Debugging>
            <Options>
              <LinkerOptions Value="--pointer-arithmetic"/>
              <Win32>
                <GraphicApplication Value="True"/>
              </Win32>
            </Options>
          </Linking>
          <Other>
            <Verbosity>
              <ShowAll Value="True"/>
              <ShowDebugInfo Value="True"/>
            </Verbosity>
            <CustomOptions Value="-dUseCThreads"/>
            <OtherDefines Count="1">
              <Define0 Value="UseCThreads"/>
            </OtherDefines>
          </Other>
        </CompilerOptions>
      </Item3>
      <Item4 Name="Release GTK">
        <MacroValues Count="2">
          <Macro2 Name="LCLWidgetType" Value="gtk2"/>
        </MacroValues>
        <CompilerOptions>
          <Version Value="11"/>
          <Target>
            <Filename Value="../gdemugui.gtk2.bin"/>
          </Target>
          <SearchPaths>
            <IncludeFiles Value="$(ProjOutDir)"/>
            <UnitOutputDirectory Value="lib/$(TargetCPU)-$(TargetOS)"/>
          </SearchPaths>
          <CodeGeneration>
            <Optimizations>
              <OptimizationLevel Value="4"/>
            </Optimizations>
          </CodeGeneration>
          <Linking>
            <Options>
              <LinkerOptions Value="--pointer-arithmetic"/>
              <Win32>
                <GraphicApplication Value="True"/>
              </Win32>
            </Options>
          </Linking>
          <Other>
            <Verbosity>
              <ShowAll Value="True"/>
              <ShowDebugInfo Value="True"/>
            </Verbosity>
            <CustomOptions Value="-dUseCThreads"/>
            <OtherDefines Count="1">
              <Define0 Value="UseCThreads"/>
            </OtherDefines>
          </Other>
        </CompilerOptions>
      </Item4>
      <SharedMatrixOptions Count="2">
        <Item1 ID="313237684430" Modes="Debug QT5,Release QT5" Type="IDEMacro" MacroName="LCLWidgetType" Value="qt5"/>
        <Item2 ID="994577880754" Modes="Debug GTK,Release GTK" Type="IDEMacro" MacroName="LCLWidgetType" Value="gtk2"/>
      </SharedMatrixOptions>
    </BuildModes>
    <PublishOptions>
      <Version Value="2"/>
      <UseFileFilters Value="True"/>
    </PublishOptions>
    <RunParams>
      <FormatVersion Value="2"/>
    </RunParams>
    <RequiredPackages Count="1">
      <Item1>
        <PackageName Value="LCL"/>
      </Item1>
    </RequiredPackages>
    <Units Count="8">
      <Unit0>
        <Filename Value="gdemugui.lpr"/>
        <IsPartOfProject Value="True"/>
      </Unit0>
      <Unit1>
        <Filename Value="mainwindowunit.pas"/>
        <IsPartOfProject Value="True"/>
        <ComponentName Value="MainWindow"/>
        <HasResources Value="True"/>
        <ResourceBaseClass Value="Form"/>
        <UnitName Value="mainWindowUnit"/>
      </Unit1>
      <Unit2>
        <Filename Value="localgamesdirectorieswindows.pas"/>
        <IsPartOfProject Value="True"/>
        <ComponentName Value="LocalGamesDirectoriesDialog"/>
        <HasResources Value="True"/>
        <ResourceBaseClass Value="Form"/>
      </Unit2>
      <Unit3>
        <Filename Value="gdemuunit.pas"/>
        <IsPartOfProject Value="True"/>
      </Unit3>
      <Unit4>
        <Filename Value="progresswindowunity.pas"/>
        <IsPartOfProject Value="True"/>
        <ComponentName Value="ProgressWindow"/>
        <HasResources Value="True"/>
        <ResourceBaseClass Value="Form"/>
      </Unit4>
      <Unit5>
        <Filename Value="aboutwindowunit.pas"/>
        <IsPartOfProject Value="True"/>
        <ComponentName Value="AboutWindow"/>
        <HasResources Value="True"/>
        <ResourceBaseClass Value="Form"/>
      </Unit5>
      <Unit6>
        <Filename Value="openborcreatorwindowunit.pas"/>
        <IsPartOfProject Value="True"/>
        <ComponentName Value="OpenBorCreatorWindow"/>
        <HasResources Value="True"/>
        <ResourceBaseClass Value="Form"/>
      </Unit6>
      <Unit7>
        <Filename Value="commandlogwindowunit.pas"/>
        <IsPartOfProject Value="True"/>
        <ComponentName Value="CommandLogWindow"/>
        <HasResources Value="True"/>
        <ResourceBaseClass Value="Form"/>
      </Unit7>
    </Units>
  </ProjectOptions>
  <CompilerOptions>
    <Version Value="11"/>
    <Target>
      <Filename Value="../gdemugui.qt5.debug"/>
    </Target>
    <SearchPaths>
      <IncludeFiles Value="$(ProjOutDir)"/>
      <UnitOutputDirectory Value="lib/$(TargetCPU)-$(TargetOS)"/>
    </SearchPaths>
    <Linking>
      <Debugging>
        <DebugInfoType Value="dsDwarf3"/>
      </Debugging>
      <Options>
        <LinkerOptions Value="--pointer-arithmetic"/>
        <Win32>
          <GraphicApplication Value="True"/>
        </Win32>
      </Options>
    </Linking>
    <Other>
      <Verbosity>
        <ShowAll Value="True"/>
        <ShowDebugInfo Value="True"/>
      </Verbosity>
      <CustomOptions Value="-dUseCThreads"/>
      <OtherDefines Count="1">
        <Define0 Value="UseCThreads"/>
      </OtherDefines>
    </Other>
  </CompilerOptions>
</CONFIG>
